
Microsoft Visual Studio Solution File, Format Version 12.00
# Visual Studio Version 17
VisualStudioVersion = 17.11.35312.102
MinimumVisualStudioVersion = 10.0.40219.1
Project("{FAE04EC0-301F-11D3-BF4B-00C04F79EFBC}") = "S10267962_Qn02", "S10267962_Qn02.csproj", "{F62D72ED-A2F4-42D9-8E38-241C52F2290C}"
EndProject
Global
	GlobalSection(SolutionConfigurationPlatforms) = preSolution
		Debug|Any CPU = Debug|Any CPU
		Release|Any CPU = Release|Any CPU
	EndGlobalSection
	GlobalSection(ProjectConfigurationPlatforms) = postSolution
		{F62D72ED-A2F4-42D9-8E38-241C52F2290C}.Debug|Any CPU.ActiveCfg = Debug|Any CPU
		{F62D72ED-A2F4-42D9-8E38-241C52F2290C}.Debug|Any CPU.Build.0 = Debug|Any CPU
		{F62D72ED-A2F4-42D9-8E38-241C52F2290C}.Release|Any CPU.ActiveCfg = Release|Any CPU
		{F62D72ED-A2F4-42D9-8E38-241C52F2290C}.Release|Any CPU.Build.0 = Release|Any CPU
	EndGlobalSection
	GlobalSection(SolutionProperties) = preSolution
		HideSolutionNode = FALSE
	EndGlobalSection
	GlobalSection(ExtensibilityGlobals) = postSolution
		SolutionGuid = {5F96D55E-A4EC-446F-9BB7-A45C8FB78CC7}
	EndGlobalSection
EndGlobal
