
Microsoft Visual Studio Solution File, Format Version 12.00
# Visual Studio Version 17
VisualStudioVersion = 17.11.35312.102
MinimumVisualStudioVersion = 10.0.40219.1
Project("{FAE04EC0-301F-11D3-BF4B-00C04F79EFBC}") = "S10267962_Qn01", "S10267962_Qn01.csproj", "{6AFECF38-6330-4912-89FF-E942897FEC43}"
EndProject
Global
	GlobalSection(SolutionConfigurationPlatforms) = preSolution
		Debug|Any CPU = Debug|Any CPU
		Release|Any CPU = Release|Any CPU
	EndGlobalSection
	GlobalSection(ProjectConfigurationPlatforms) = postSolution
		{6AFECF38-6330-4912-89FF-E942897FEC43}.Debug|Any CPU.ActiveCfg = Debug|Any CPU
		{6AFECF38-6330-4912-89FF-E942897FEC43}.Debug|Any CPU.Build.0 = Debug|Any CPU
		{6AFECF38-6330-4912-89FF-E942897FEC43}.Release|Any CPU.ActiveCfg = Release|Any CPU
		{6AFECF38-6330-4912-89FF-E942897FEC43}.Release|Any CPU.Build.0 = Release|Any CPU
	EndGlobalSection
	GlobalSection(SolutionProperties) = preSolution
		HideSolutionNode = FALSE
	EndGlobalSection
	GlobalSection(ExtensibilityGlobals) = postSolution
		SolutionGuid = {BEBBD393-50AD-48E4-864A-D867D4E2EF28}
	EndGlobalSection
EndGlobal
